
Microsoft Visual Studio Solution File, Format Version 12.00
# Visual Studio 15
VisualStudioVersion = 15.0.26228.4
MinimumVisualStudioVersion = 10.0.40219.1
Project("{2150E333-8FDC-42A3-9474-1A3956D46DE8}") = "src", "src", "{0598864B-9CE0-45F8-852C-FDB848222F6F}"
EndProject
Project("{2150E333-8FDC-42A3-9474-1A3956D46DE8}") = "test", "test", "{6970E3FD-4709-4B1E-ACB3-7B67FA11E4A7}"
EndProject
Project("{2150E333-8FDC-42A3-9474-1A3956D46DE8}") = "[Exporter]", "[Exporter]", "{B3E4205A-3DB7-4AD6-9DD9-6E72F57E7B0C}"
EndProject
Project("{FAE04EC0-301F-11D3-BF4B-00C04F79EFBC}") = "coreDox.Core", "src\coreDox.Core\coreDox.Core.csproj", "{3B52638A-5E87-4803-8EA9-7A3B48E977D0}"
EndProject
Project("{FAE04EC0-301F-11D3-BF4B-00C04F79EFBC}") = "coreDox", "src\coreDox\coreDox.csproj", "{6652D595-1A83-432E-A665-DCB9312C7C21}"
EndProject
Project("{FAE04EC0-301F-11D3-BF4B-00C04F79EFBC}") = "coreDox.Tests", "tests\coreDox.Tests\coreDox.Tests.csproj", "{DCF720C4-A37C-4DB8-A15D-44470C50A726}"
EndProject
Project("{FAE04EC0-301F-11D3-BF4B-00C04F79EFBC}") = "coreDox.Exporter.Html", "src\[Exporter]\coreDox.Exporter.Html\coreDox.Exporter.Html.csproj", "{941F153D-DA9F-45E4-9DF0-A22075AB2B49}"
EndProject
Project("{FAE04EC0-301F-11D3-BF4B-00C04F79EFBC}") = "coreDox.Core.Tests", "tests\coreDox.Core.Tests\coreDox.Core.Tests.csproj", "{20F06044-A57C-4751-9581-5D92CA3A0A8C}"
EndProject
Project("{FAE04EC0-301F-11D3-BF4B-00C04F79EFBC}") = "coreDox.Build", "src\coreDox.Build\coreDox.Build.csproj", "{B782DE6E-F829-42A3-A305-D942C7043943}"
EndProject
Global
	GlobalSection(SolutionConfigurationPlatforms) = preSolution
		Debug|Any CPU = Debug|Any CPU
		Debug|x64 = Debug|x64
		Debug|x86 = Debug|x86
		Release|Any CPU = Release|Any CPU
		Release|x64 = Release|x64
		Release|x86 = Release|x86
	EndGlobalSection
	GlobalSection(ProjectConfigurationPlatforms) = postSolution
		{3B52638A-5E87-4803-8EA9-7A3B48E977D0}.Debug|Any CPU.ActiveCfg = Debug|Any CPU
		{3B52638A-5E87-4803-8EA9-7A3B48E977D0}.Debug|Any CPU.Build.0 = Debug|Any CPU
		{3B52638A-5E87-4803-8EA9-7A3B48E977D0}.Debug|x64.ActiveCfg = Debug|Any CPU
		{3B52638A-5E87-4803-8EA9-7A3B48E977D0}.Debug|x64.Build.0 = Debug|Any CPU
		{3B52638A-5E87-4803-8EA9-7A3B48E977D0}.Debug|x86.ActiveCfg = Debug|Any CPU
		{3B52638A-5E87-4803-8EA9-7A3B48E977D0}.Debug|x86.Build.0 = Debug|Any CPU
		{3B52638A-5E87-4803-8EA9-7A3B48E977D0}.Release|Any CPU.ActiveCfg = Release|Any CPU
		{3B52638A-5E87-4803-8EA9-7A3B48E977D0}.Release|Any CPU.Build.0 = Release|Any CPU
		{3B52638A-5E87-4803-8EA9-7A3B48E977D0}.Release|x64.ActiveCfg = Release|Any CPU
		{3B52638A-5E87-4803-8EA9-7A3B48E977D0}.Release|x64.Build.0 = Release|Any CPU
		{3B52638A-5E87-4803-8EA9-7A3B48E977D0}.Release|x86.ActiveCfg = Release|Any CPU
		{3B52638A-5E87-4803-8EA9-7A3B48E977D0}.Release|x86.Build.0 = Release|Any CPU
		{6652D595-1A83-432E-A665-DCB9312C7C21}.Debug|Any CPU.ActiveCfg = Debug|Any CPU
		{6652D595-1A83-432E-A665-DCB9312C7C21}.Debug|Any CPU.Build.0 = Debug|Any CPU
		{6652D595-1A83-432E-A665-DCB9312C7C21}.Debug|x64.ActiveCfg = Debug|Any CPU
		{6652D595-1A83-432E-A665-DCB9312C7C21}.Debug|x64.Build.0 = Debug|Any CPU
		{6652D595-1A83-432E-A665-DCB9312C7C21}.Debug|x86.ActiveCfg = Debug|Any CPU
		{6652D595-1A83-432E-A665-DCB9312C7C21}.Debug|x86.Build.0 = Debug|Any CPU
		{6652D595-1A83-432E-A665-DCB9312C7C21}.Release|Any CPU.ActiveCfg = Release|Any CPU
		{6652D595-1A83-432E-A665-DCB9312C7C21}.Release|Any CPU.Build.0 = Release|Any CPU
		{6652D595-1A83-432E-A665-DCB9312C7C21}.Release|x64.ActiveCfg = Release|Any CPU
		{6652D595-1A83-432E-A665-DCB9312C7C21}.Release|x64.Build.0 = Release|Any CPU
		{6652D595-1A83-432E-A665-DCB9312C7C21}.Release|x86.ActiveCfg = Release|Any CPU
		{6652D595-1A83-432E-A665-DCB9312C7C21}.Release|x86.Build.0 = Release|Any CPU
		{DCF720C4-A37C-4DB8-A15D-44470C50A726}.Debug|Any CPU.ActiveCfg = Debug|Any CPU
		{DCF720C4-A37C-4DB8-A15D-44470C50A726}.Debug|Any CPU.Build.0 = Debug|Any CPU
		{DCF720C4-A37C-4DB8-A15D-44470C50A726}.Debug|x64.ActiveCfg = Debug|Any CPU
		{DCF720C4-A37C-4DB8-A15D-44470C50A726}.Debug|x64.Build.0 = Debug|Any CPU
		{DCF720C4-A37C-4DB8-A15D-44470C50A726}.Debug|x86.ActiveCfg = Debug|Any CPU
		{DCF720C4-A37C-4DB8-A15D-44470C50A726}.Debug|x86.Build.0 = Debug|Any CPU
		{DCF720C4-A37C-4DB8-A15D-44470C50A726}.Release|Any CPU.ActiveCfg = Release|Any CPU
		{DCF720C4-A37C-4DB8-A15D-44470C50A726}.Release|Any CPU.Build.0 = Release|Any CPU
		{DCF720C4-A37C-4DB8-A15D-44470C50A726}.Release|x64.ActiveCfg = Release|Any CPU
		{DCF720C4-A37C-4DB8-A15D-44470C50A726}.Release|x64.Build.0 = Release|Any CPU
		{DCF720C4-A37C-4DB8-A15D-44470C50A726}.Release|x86.ActiveCfg = Release|Any CPU
		{DCF720C4-A37C-4DB8-A15D-44470C50A726}.Release|x86.Build.0 = Release|Any CPU
		{941F153D-DA9F-45E4-9DF0-A22075AB2B49}.Debug|Any CPU.ActiveCfg = Debug|Any CPU
		{941F153D-DA9F-45E4-9DF0-A22075AB2B49}.Debug|Any CPU.Build.0 = Debug|Any CPU
		{941F153D-DA9F-45E4-9DF0-A22075AB2B49}.Debug|x64.ActiveCfg = Debug|Any CPU
		{941F153D-DA9F-45E4-9DF0-A22075AB2B49}.Debug|x64.Build.0 = Debug|Any CPU
		{941F153D-DA9F-45E4-9DF0-A22075AB2B49}.Debug|x86.ActiveCfg = Debug|Any CPU
		{941F153D-DA9F-45E4-9DF0-A22075AB2B49}.Debug|x86.Build.0 = Debug|Any CPU
		{941F153D-DA9F-45E4-9DF0-A22075AB2B49}.Release|Any CPU.ActiveCfg = Release|Any CPU
		{941F153D-DA9F-45E4-9DF0-A22075AB2B49}.Release|Any CPU.Build.0 = Release|Any CPU
		{941F153D-DA9F-45E4-9DF0-A22075AB2B49}.Release|x64.ActiveCfg = Release|Any CPU
		{941F153D-DA9F-45E4-9DF0-A22075AB2B49}.Release|x64.Build.0 = Release|Any CPU
		{941F153D-DA9F-45E4-9DF0-A22075AB2B49}.Release|x86.ActiveCfg = Release|Any CPU
		{941F153D-DA9F-45E4-9DF0-A22075AB2B49}.Release|x86.Build.0 = Release|Any CPU
		{20F06044-A57C-4751-9581-5D92CA3A0A8C}.Debug|Any CPU.ActiveCfg = Debug|Any CPU
		{20F06044-A57C-4751-9581-5D92CA3A0A8C}.Debug|Any CPU.Build.0 = Debug|Any CPU
		{20F06044-A57C-4751-9581-5D92CA3A0A8C}.Debug|x64.ActiveCfg = Debug|Any CPU
		{20F06044-A57C-4751-9581-5D92CA3A0A8C}.Debug|x64.Build.0 = Debug|Any CPU
		{20F06044-A57C-4751-9581-5D92CA3A0A8C}.Debug|x86.ActiveCfg = Debug|Any CPU
		{20F06044-A57C-4751-9581-5D92CA3A0A8C}.Debug|x86.Build.0 = Debug|Any CPU
		{20F06044-A57C-4751-9581-5D92CA3A0A8C}.Release|Any CPU.ActiveCfg = Release|Any CPU
		{20F06044-A57C-4751-9581-5D92CA3A0A8C}.Release|Any CPU.Build.0 = Release|Any CPU
		{20F06044-A57C-4751-9581-5D92CA3A0A8C}.Release|x64.ActiveCfg = Release|Any CPU
		{20F06044-A57C-4751-9581-5D92CA3A0A8C}.Release|x64.Build.0 = Release|Any CPU
		{20F06044-A57C-4751-9581-5D92CA3A0A8C}.Release|x86.ActiveCfg = Release|Any CPU
		{20F06044-A57C-4751-9581-5D92CA3A0A8C}.Release|x86.Build.0 = Release|Any CPU
		{B782DE6E-F829-42A3-A305-D942C7043943}.Debug|Any CPU.ActiveCfg = Debug|Any CPU
		{B782DE6E-F829-42A3-A305-D942C7043943}.Debug|Any CPU.Build.0 = Debug|Any CPU
		{B782DE6E-F829-42A3-A305-D942C7043943}.Debug|x64.ActiveCfg = Debug|Any CPU
		{B782DE6E-F829-42A3-A305-D942C7043943}.Debug|x64.Build.0 = Debug|Any CPU
		{B782DE6E-F829-42A3-A305-D942C7043943}.Debug|x86.ActiveCfg = Debug|Any CPU
		{B782DE6E-F829-42A3-A305-D942C7043943}.Debug|x86.Build.0 = Debug|Any CPU
		{B782DE6E-F829-42A3-A305-D942C7043943}.Release|Any CPU.ActiveCfg = Release|Any CPU
		{B782DE6E-F829-42A3-A305-D942C7043943}.Release|Any CPU.Build.0 = Release|Any CPU
		{B782DE6E-F829-42A3-A305-D942C7043943}.Release|x64.ActiveCfg = Release|Any CPU
		{B782DE6E-F829-42A3-A305-D942C7043943}.Release|x64.Build.0 = Release|Any CPU
		{B782DE6E-F829-42A3-A305-D942C7043943}.Release|x86.ActiveCfg = Release|Any CPU
		{B782DE6E-F829-42A3-A305-D942C7043943}.Release|x86.Build.0 = Release|Any CPU
	EndGlobalSection
	GlobalSection(SolutionProperties) = preSolution
		HideSolutionNode = FALSE
	EndGlobalSection
	GlobalSection(NestedProjects) = preSolution
		{B3E4205A-3DB7-4AD6-9DD9-6E72F57E7B0C} = {0598864B-9CE0-45F8-852C-FDB848222F6F}
		{3B52638A-5E87-4803-8EA9-7A3B48E977D0} = {0598864B-9CE0-45F8-852C-FDB848222F6F}
		{6652D595-1A83-432E-A665-DCB9312C7C21} = {0598864B-9CE0-45F8-852C-FDB848222F6F}
		{DCF720C4-A37C-4DB8-A15D-44470C50A726} = {6970E3FD-4709-4B1E-ACB3-7B67FA11E4A7}
		{941F153D-DA9F-45E4-9DF0-A22075AB2B49} = {B3E4205A-3DB7-4AD6-9DD9-6E72F57E7B0C}
		{20F06044-A57C-4751-9581-5D92CA3A0A8C} = {6970E3FD-4709-4B1E-ACB3-7B67FA11E4A7}
		{B782DE6E-F829-42A3-A305-D942C7043943} = {0598864B-9CE0-45F8-852C-FDB848222F6F}
	EndGlobalSection
EndGlobal
