
Microsoft Visual Studio Solution File, Format Version 12.00
# Visual Studio 15
VisualStudioVersion = 15.0.26020.0
MinimumVisualStudioVersion = 10.0.40219.1
Project("{2150E333-8FDC-42A3-9474-1A3956D46DE8}") = "src", "src", "{0598864B-9CE0-45F8-852C-FDB848222F6F}"
EndProject
Project("{2150E333-8FDC-42A3-9474-1A3956D46DE8}") = "test", "test", "{6970E3FD-4709-4B1E-ACB3-7B67FA11E4A7}"
EndProject
Project("{9A19103F-16F7-4668-BE54-9A1E7A4F7556}") = "coreDox", "src\coreDox\coreDox.csproj", "{3D2046DB-9234-4A18-921D-F10D4DCD614B}"
EndProject
Project("{9A19103F-16F7-4668-BE54-9A1E7A4F7556}") = "coreDox.Tests", "tests\coreDox.Tests\coreDox.Tests.csproj", "{7EF0E4BF-0613-47B0-85DE-CBBB75D9ACF3}"
EndProject
Project("{9A19103F-16F7-4668-BE54-9A1E7A4F7556}") = "coreDox.Core", "src\coreDox.Core\coreDox.Core.csproj", "{D81FB19E-02F8-48B1-9397-EEE01179084B}"
EndProject
Project("{2150E333-8FDC-42A3-9474-1A3956D46DE8}") = "[Plugs]", "[Plugs]", "{B3E4205A-3DB7-4AD6-9DD9-6E72F57E7B0C}"
EndProject
Project("{2150E333-8FDC-42A3-9474-1A3956D46DE8}") = "[Scaffolds]", "[Scaffolds]", "{40BE45CA-145D-4892-95D1-1EF3AD4CCB0E}"
EndProject
Project("{9A19103F-16F7-4668-BE54-9A1E7A4F7556}") = "coreDox.Plugs.Installer", "src\[Plugs]\coreDox.Plugs.Installer\coreDox.Plugs.Installer.csproj", "{2501CE2B-74A5-4B5B-BA43-1A47AE627A26}"
EndProject
Project("{9A19103F-16F7-4668-BE54-9A1E7A4F7556}") = "coreDox.Plugs.Wizard", "src\[Plugs]\coreDox.Plugs.Wizard\coreDox.Plugs.Wizard.csproj", "{EA847E2C-6554-47B1-AED5-C79C4483CE1A}"
EndProject
Global
	GlobalSection(SolutionConfigurationPlatforms) = preSolution
		Debug|Any CPU = Debug|Any CPU
		Debug|x64 = Debug|x64
		Debug|x86 = Debug|x86
		Release|Any CPU = Release|Any CPU
		Release|x64 = Release|x64
		Release|x86 = Release|x86
	EndGlobalSection
	GlobalSection(ProjectConfigurationPlatforms) = postSolution
		{3D2046DB-9234-4A18-921D-F10D4DCD614B}.Debug|Any CPU.ActiveCfg = Debug|Any CPU
		{3D2046DB-9234-4A18-921D-F10D4DCD614B}.Debug|Any CPU.Build.0 = Debug|Any CPU
		{3D2046DB-9234-4A18-921D-F10D4DCD614B}.Debug|x64.ActiveCfg = Debug|x64
		{3D2046DB-9234-4A18-921D-F10D4DCD614B}.Debug|x64.Build.0 = Debug|x64
		{3D2046DB-9234-4A18-921D-F10D4DCD614B}.Debug|x86.ActiveCfg = Debug|x86
		{3D2046DB-9234-4A18-921D-F10D4DCD614B}.Debug|x86.Build.0 = Debug|x86
		{3D2046DB-9234-4A18-921D-F10D4DCD614B}.Release|Any CPU.ActiveCfg = Release|Any CPU
		{3D2046DB-9234-4A18-921D-F10D4DCD614B}.Release|Any CPU.Build.0 = Release|Any CPU
		{3D2046DB-9234-4A18-921D-F10D4DCD614B}.Release|x64.ActiveCfg = Release|x64
		{3D2046DB-9234-4A18-921D-F10D4DCD614B}.Release|x64.Build.0 = Release|x64
		{3D2046DB-9234-4A18-921D-F10D4DCD614B}.Release|x86.ActiveCfg = Release|x86
		{3D2046DB-9234-4A18-921D-F10D4DCD614B}.Release|x86.Build.0 = Release|x86
		{7EF0E4BF-0613-47B0-85DE-CBBB75D9ACF3}.Debug|Any CPU.ActiveCfg = Debug|Any CPU
		{7EF0E4BF-0613-47B0-85DE-CBBB75D9ACF3}.Debug|Any CPU.Build.0 = Debug|Any CPU
		{7EF0E4BF-0613-47B0-85DE-CBBB75D9ACF3}.Debug|x64.ActiveCfg = Debug|x64
		{7EF0E4BF-0613-47B0-85DE-CBBB75D9ACF3}.Debug|x64.Build.0 = Debug|x64
		{7EF0E4BF-0613-47B0-85DE-CBBB75D9ACF3}.Debug|x86.ActiveCfg = Debug|x86
		{7EF0E4BF-0613-47B0-85DE-CBBB75D9ACF3}.Debug|x86.Build.0 = Debug|x86
		{7EF0E4BF-0613-47B0-85DE-CBBB75D9ACF3}.Release|Any CPU.ActiveCfg = Release|Any CPU
		{7EF0E4BF-0613-47B0-85DE-CBBB75D9ACF3}.Release|Any CPU.Build.0 = Release|Any CPU
		{7EF0E4BF-0613-47B0-85DE-CBBB75D9ACF3}.Release|x64.ActiveCfg = Release|x64
		{7EF0E4BF-0613-47B0-85DE-CBBB75D9ACF3}.Release|x64.Build.0 = Release|x64
		{7EF0E4BF-0613-47B0-85DE-CBBB75D9ACF3}.Release|x86.ActiveCfg = Release|x86
		{7EF0E4BF-0613-47B0-85DE-CBBB75D9ACF3}.Release|x86.Build.0 = Release|x86
		{D81FB19E-02F8-48B1-9397-EEE01179084B}.Debug|Any CPU.ActiveCfg = Debug|Any CPU
		{D81FB19E-02F8-48B1-9397-EEE01179084B}.Debug|Any CPU.Build.0 = Debug|Any CPU
		{D81FB19E-02F8-48B1-9397-EEE01179084B}.Debug|x64.ActiveCfg = Debug|x64
		{D81FB19E-02F8-48B1-9397-EEE01179084B}.Debug|x64.Build.0 = Debug|x64
		{D81FB19E-02F8-48B1-9397-EEE01179084B}.Debug|x86.ActiveCfg = Debug|x86
		{D81FB19E-02F8-48B1-9397-EEE01179084B}.Debug|x86.Build.0 = Debug|x86
		{D81FB19E-02F8-48B1-9397-EEE01179084B}.Release|Any CPU.ActiveCfg = Release|Any CPU
		{D81FB19E-02F8-48B1-9397-EEE01179084B}.Release|Any CPU.Build.0 = Release|Any CPU
		{D81FB19E-02F8-48B1-9397-EEE01179084B}.Release|x64.ActiveCfg = Release|x64
		{D81FB19E-02F8-48B1-9397-EEE01179084B}.Release|x64.Build.0 = Release|x64
		{D81FB19E-02F8-48B1-9397-EEE01179084B}.Release|x86.ActiveCfg = Release|x86
		{D81FB19E-02F8-48B1-9397-EEE01179084B}.Release|x86.Build.0 = Release|x86
		{2501CE2B-74A5-4B5B-BA43-1A47AE627A26}.Debug|Any CPU.ActiveCfg = Debug|Any CPU
		{2501CE2B-74A5-4B5B-BA43-1A47AE627A26}.Debug|Any CPU.Build.0 = Debug|Any CPU
		{2501CE2B-74A5-4B5B-BA43-1A47AE627A26}.Debug|x64.ActiveCfg = Debug|x64
		{2501CE2B-74A5-4B5B-BA43-1A47AE627A26}.Debug|x64.Build.0 = Debug|x64
		{2501CE2B-74A5-4B5B-BA43-1A47AE627A26}.Debug|x86.ActiveCfg = Debug|x86
		{2501CE2B-74A5-4B5B-BA43-1A47AE627A26}.Debug|x86.Build.0 = Debug|x86
		{2501CE2B-74A5-4B5B-BA43-1A47AE627A26}.Release|Any CPU.ActiveCfg = Release|Any CPU
		{2501CE2B-74A5-4B5B-BA43-1A47AE627A26}.Release|Any CPU.Build.0 = Release|Any CPU
		{2501CE2B-74A5-4B5B-BA43-1A47AE627A26}.Release|x64.ActiveCfg = Release|x64
		{2501CE2B-74A5-4B5B-BA43-1A47AE627A26}.Release|x64.Build.0 = Release|x64
		{2501CE2B-74A5-4B5B-BA43-1A47AE627A26}.Release|x86.ActiveCfg = Release|x86
		{2501CE2B-74A5-4B5B-BA43-1A47AE627A26}.Release|x86.Build.0 = Release|x86
		{EA847E2C-6554-47B1-AED5-C79C4483CE1A}.Debug|Any CPU.ActiveCfg = Debug|Any CPU
		{EA847E2C-6554-47B1-AED5-C79C4483CE1A}.Debug|Any CPU.Build.0 = Debug|Any CPU
		{EA847E2C-6554-47B1-AED5-C79C4483CE1A}.Debug|x64.ActiveCfg = Debug|x64
		{EA847E2C-6554-47B1-AED5-C79C4483CE1A}.Debug|x64.Build.0 = Debug|x64
		{EA847E2C-6554-47B1-AED5-C79C4483CE1A}.Debug|x86.ActiveCfg = Debug|x86
		{EA847E2C-6554-47B1-AED5-C79C4483CE1A}.Debug|x86.Build.0 = Debug|x86
		{EA847E2C-6554-47B1-AED5-C79C4483CE1A}.Release|Any CPU.ActiveCfg = Release|Any CPU
		{EA847E2C-6554-47B1-AED5-C79C4483CE1A}.Release|Any CPU.Build.0 = Release|Any CPU
		{EA847E2C-6554-47B1-AED5-C79C4483CE1A}.Release|x64.ActiveCfg = Release|x64
		{EA847E2C-6554-47B1-AED5-C79C4483CE1A}.Release|x64.Build.0 = Release|x64
		{EA847E2C-6554-47B1-AED5-C79C4483CE1A}.Release|x86.ActiveCfg = Release|x86
		{EA847E2C-6554-47B1-AED5-C79C4483CE1A}.Release|x86.Build.0 = Release|x86
	EndGlobalSection
	GlobalSection(SolutionProperties) = preSolution
		HideSolutionNode = FALSE
	EndGlobalSection
	GlobalSection(NestedProjects) = preSolution
		{3D2046DB-9234-4A18-921D-F10D4DCD614B} = {0598864B-9CE0-45F8-852C-FDB848222F6F}
		{7EF0E4BF-0613-47B0-85DE-CBBB75D9ACF3} = {6970E3FD-4709-4B1E-ACB3-7B67FA11E4A7}
		{D81FB19E-02F8-48B1-9397-EEE01179084B} = {0598864B-9CE0-45F8-852C-FDB848222F6F}
		{B3E4205A-3DB7-4AD6-9DD9-6E72F57E7B0C} = {0598864B-9CE0-45F8-852C-FDB848222F6F}
		{40BE45CA-145D-4892-95D1-1EF3AD4CCB0E} = {0598864B-9CE0-45F8-852C-FDB848222F6F}
		{2501CE2B-74A5-4B5B-BA43-1A47AE627A26} = {B3E4205A-3DB7-4AD6-9DD9-6E72F57E7B0C}
		{EA847E2C-6554-47B1-AED5-C79C4483CE1A} = {B3E4205A-3DB7-4AD6-9DD9-6E72F57E7B0C}
	EndGlobalSection
EndGlobal
